// !$*UTF8*$!
{
	archiveVersion = 1;
	classes = {
	};
	objectVersion = 44;
	objects = {

/* Begin PBXBuildFile section */
		590B217C1270850C00A318AB /* SOMNode.m in Sources */ = {isa = PBXBuildFile; fileRef = 590B217B1270850C00A318AB /* SOMNode.m */; };
		590B220512708CA800A318AB /* SOM.m in Sources */ = {isa = PBXBuildFile; fileRef = 590B220412708CA800A318AB /* SOM.m */; };
		59882E1012749BCA00AE39EE /* PatchDictionary.m in Sources */ = {isa = PBXBuildFile; fileRef = 59882E0F12749BCA00AE39EE /* PatchDictionary.m */; };
		5A9E94110F7E9C4600AC6D09 /* Patch.m in Sources */ = {isa = PBXBuildFile; fileRef = 5A9E94100F7E9C4600AC6D09 /* Patch.m */; };
		5AEBE0470F6FC36700AD3D65 /* Draw.m in Sources */ = {isa = PBXBuildFile; fileRef = 5AEBE0390F6FC36700AD3D65 /* Draw.m */; };
		5AEBE0480F6FC36700AD3D65 /* OSC.m in Sources */ = {isa = PBXBuildFile; fileRef = 5AEBE03B0F6FC36700AD3D65 /* OSC.m */; };
		5AEBE0490F6FC36700AD3D65 /* util.c in Sources */ = {isa = PBXBuildFile; fileRef = 5AEBE03C0F6FC36700AD3D65 /* util.c */; };
		5AEBE04A0F6FC36700AD3D65 /* View.m in Sources */ = {isa = PBXBuildFile; fileRef = 5AEBE03F0F6FC36700AD3D65 /* View.m */; };
		5AEBE0620F6FC37E00AD3D65 /* address.c in Sources */ = {isa = PBXBuildFile; fileRef = 5AEBE04E0F6FC37E00AD3D65 /* address.c */; };
		5AEBE0630F6FC37E00AD3D65 /* blob.c in Sources */ = {isa = PBXBuildFile; fileRef = 5AEBE04F0F6FC37E00AD3D65 /* blob.c */; };
		5AEBE0640F6FC37E00AD3D65 /* bundle.c in Sources */ = {isa = PBXBuildFile; fileRef = 5AEBE0500F6FC37E00AD3D65 /* bundle.c */; };
		5AEBE0650F6FC37E00AD3D65 /* message.c in Sources */ = {isa = PBXBuildFile; fileRef = 5AEBE05B0F6FC37E00AD3D65 /* message.c */; };
		5AEBE0660F6FC37E00AD3D65 /* method.c in Sources */ = {isa = PBXBuildFile; fileRef = 5AEBE05C0F6FC37E00AD3D65 /* method.c */; };
		5AEBE0670F6FC37E00AD3D65 /* pattern_match.c in Sources */ = {isa = PBXBuildFile; fileRef = 5AEBE05D0F6FC37E00AD3D65 /* pattern_match.c */; };
		5AEBE0680F6FC37E00AD3D65 /* send.c in Sources */ = {isa = PBXBuildFile; fileRef = 5AEBE05E0F6FC37E00AD3D65 /* send.c */; };
		5AEBE0690F6FC37E00AD3D65 /* server_thread.c in Sources */ = {isa = PBXBuildFile; fileRef = 5AEBE05F0F6FC37E00AD3D65 /* server_thread.c */; };
		5AEBE06A0F6FC37E00AD3D65 /* server.c in Sources */ = {isa = PBXBuildFile; fileRef = 5AEBE0600F6FC37E00AD3D65 /* server.c */; };
		5AEBE06B0F6FC37E00AD3D65 /* timetag.c in Sources */ = {isa = PBXBuildFile; fileRef = 5AEBE0610F6FC37E00AD3D65 /* timetag.c */; };
		5AEBE0830F6FC46200AD3D65 /* OpenGL.framework in Frameworks */ = {isa = PBXBuildFile; fileRef = 5AEBE0820F6FC46200AD3D65 /* OpenGL.framework */; };
		5AEBE0870F6FC47200AD3D65 /* GLUT.framework in Frameworks */ = {isa = PBXBuildFile; fileRef = 5AEBE0860F6FC47200AD3D65 /* GLUT.framework */; };
		8D11072A0486CEB800E47090 /* MainMenu.nib in Resources */ = {isa = PBXBuildFile; fileRef = 29B97318FDCFA39411CA2CEA /* MainMenu.nib */; };
		8D11072B0486CEB800E47090 /* InfoPlist.strings in Resources */ = {isa = PBXBuildFile; fileRef = 089C165CFE840E0CC02AAC07 /* InfoPlist.strings */; };
		8D11072D0486CEB800E47090 /* main.m in Sources */ = {isa = PBXBuildFile; fileRef = 29B97316FDCFA39411CA2CEA /* main.m */; settings = {ATTRIBUTES = (); }; };
		8D11072F0486CEB800E47090 /* Cocoa.framework in Frameworks */ = {isa = PBXBuildFile; fileRef = 1058C7A1FEA54F0111CA2CBB /* Cocoa.framework */; };
/* End PBXBuildFile section */

/* Begin PBXFileReference section */
		089C165DFE840E0CC02AAC07 /* English */ = {isa = PBXFileReference; fileEncoding = 10; lastKnownFileType = text.plist.strings; name = English; path = English.lproj/InfoPlist.strings; sourceTree = "<group>"; };
		1058C7A1FEA54F0111CA2CBB /* Cocoa.framework */ = {isa = PBXFileReference; lastKnownFileType = wrapper.framework; name = Cocoa.framework; path = /System/Library/Frameworks/Cocoa.framework; sourceTree = "<absolute>"; };
		13E42FB307B3F0F600E4EEF1 /* CoreData.framework */ = {isa = PBXFileReference; lastKnownFileType = wrapper.framework; name = CoreData.framework; path = /System/Library/Frameworks/CoreData.framework; sourceTree = "<absolute>"; };
		29B97316FDCFA39411CA2CEA /* main.m */ = {isa = PBXFileReference; fileEncoding = 4; lastKnownFileType = sourcecode.c.objc; path = main.m; sourceTree = "<group>"; };
		29B97319FDCFA39411CA2CEA /* English */ = {isa = PBXFileReference; lastKnownFileType = wrapper.nib; name = English; path = English.lproj/MainMenu.nib; sourceTree = "<group>"; };
		29B97324FDCFA39411CA2CEA /* AppKit.framework */ = {isa = PBXFileReference; lastKnownFileType = wrapper.framework; name = AppKit.framework; path = /System/Library/Frameworks/AppKit.framework; sourceTree = "<absolute>"; };
		29B97325FDCFA39411CA2CEA /* Foundation.framework */ = {isa = PBXFileReference; lastKnownFileType = wrapper.framework; name = Foundation.framework; path = /System/Library/Frameworks/Foundation.framework; sourceTree = "<absolute>"; };
		32CA4F630368D1EE00C91783 /* Fx_Prefix.pch */ = {isa = PBXFileReference; fileEncoding = 4; lastKnownFileType = sourcecode.c.h; path = Fx_Prefix.pch; sourceTree = "<group>"; };
		590B217A1270850C00A318AB /* SOMNode.h */ = {isa = PBXFileReference; fileEncoding = 4; lastKnownFileType = sourcecode.c.h; path = SOMNode.h; sourceTree = "<group>"; };
		590B217B1270850C00A318AB /* SOMNode.m */ = {isa = PBXFileReference; fileEncoding = 4; lastKnownFileType = sourcecode.c.objc; path = SOMNode.m; sourceTree = "<group>"; };
		590B220312708CA800A318AB /* SOM.h */ = {isa = PBXFileReference; fileEncoding = 4; lastKnownFileType = sourcecode.c.h; path = SOM.h; sourceTree = "<group>"; };
		590B220412708CA800A318AB /* SOM.m */ = {isa = PBXFileReference; fileEncoding = 4; lastKnownFileType = sourcecode.c.objc; path = SOM.m; sourceTree = "<group>"; };
		59882E0E12749BCA00AE39EE /* PatchDictionary.h */ = {isa = PBXFileReference; fileEncoding = 4; lastKnownFileType = sourcecode.c.h; path = PatchDictionary.h; sourceTree = "<group>"; };
		59882E0F12749BCA00AE39EE /* PatchDictionary.m */ = {isa = PBXFileReference; fileEncoding = 4; lastKnownFileType = sourcecode.c.objc; path = PatchDictionary.m; sourceTree = "<group>"; };
		5A9E940F0F7E9C4600AC6D09 /* Patch.h */ = {isa = PBXFileReference; fileEncoding = 4; lastKnownFileType = sourcecode.c.h; path = Patch.h; sourceTree = "<group>"; };
		5A9E94100F7E9C4600AC6D09 /* Patch.m */ = {isa = PBXFileReference; fileEncoding = 4; lastKnownFileType = sourcecode.c.objc; path = Patch.m; sourceTree = "<group>"; };
		5AEBE0380F6FC36700AD3D65 /* Draw.h */ = {isa = PBXFileReference; fileEncoding = 30; lastKnownFileType = sourcecode.c.h; path = Draw.h; sourceTree = "<group>"; };
		5AEBE0390F6FC36700AD3D65 /* Draw.m */ = {isa = PBXFileReference; fileEncoding = 30; lastKnownFileType = sourcecode.c.objc; path = Draw.m; sourceTree = "<group>"; };
		5AEBE03A0F6FC36700AD3D65 /* OSC.h */ = {isa = PBXFileReference; fileEncoding = 30; lastKnownFileType = sourcecode.c.h; path = OSC.h; sourceTree = "<group>"; };
		5AEBE03B0F6FC36700AD3D65 /* OSC.m */ = {isa = PBXFileReference; fileEncoding = 30; lastKnownFileType = sourcecode.c.objc; path = OSC.m; sourceTree = "<group>"; };
		5AEBE03C0F6FC36700AD3D65 /* util.c */ = {isa = PBXFileReference; fileEncoding = 30; lastKnownFileType = sourcecode.c.c; path = util.c; sourceTree = "<group>"; };
		5AEBE03D0F6FC36700AD3D65 /* util.h */ = {isa = PBXFileReference; fileEncoding = 30; lastKnownFileType = sourcecode.c.h; path = util.h; sourceTree = "<group>"; };
		5AEBE03E0F6FC36700AD3D65 /* View.h */ = {isa = PBXFileReference; fileEncoding = 30; lastKnownFileType = sourcecode.c.h; path = View.h; sourceTree = "<group>"; };
		5AEBE03F0F6FC36700AD3D65 /* View.m */ = {isa = PBXFileReference; fileEncoding = 30; lastKnownFileType = sourcecode.c.objc; path = View.m; sourceTree = "<group>"; };
		5AEBE04E0F6FC37E00AD3D65 /* address.c */ = {isa = PBXFileReference; fileEncoding = 30; lastKnownFileType = sourcecode.c.c; name = address.c; path = lo/address.c; sourceTree = "<group>"; };
		5AEBE04F0F6FC37E00AD3D65 /* blob.c */ = {isa = PBXFileReference; fileEncoding = 30; lastKnownFileType = sourcecode.c.c; name = blob.c; path = lo/blob.c; sourceTree = "<group>"; };
		5AEBE0500F6FC37E00AD3D65 /* bundle.c */ = {isa = PBXFileReference; fileEncoding = 30; lastKnownFileType = sourcecode.c.c; name = bundle.c; path = lo/bundle.c; sourceTree = "<group>"; };
		5AEBE0510F6FC37E00AD3D65 /* lo_endian.h */ = {isa = PBXFileReference; fileEncoding = 30; lastKnownFileType = sourcecode.c.h; name = lo_endian.h; path = lo/lo_endian.h; sourceTree = "<group>"; };
		5AEBE0520F6FC37E00AD3D65 /* lo_errors.h */ = {isa = PBXFileReference; fileEncoding = 30; lastKnownFileType = sourcecode.c.h; name = lo_errors.h; path = lo/lo_errors.h; sourceTree = "<group>"; };
		5AEBE0530F6FC37E00AD3D65 /* lo_internal.h */ = {isa = PBXFileReference; fileEncoding = 30; lastKnownFileType = sourcecode.c.h; name = lo_internal.h; path = lo/lo_internal.h; sourceTree = "<group>"; };
		5AEBE0540F6FC37E00AD3D65 /* lo_lowlevel.h */ = {isa = PBXFileReference; fileEncoding = 30; lastKnownFileType = sourcecode.c.h; name = lo_lowlevel.h; path = lo/lo_lowlevel.h; sourceTree = "<group>"; };
		5AEBE0550F6FC37E00AD3D65 /* lo_macros.h */ = {isa = PBXFileReference; fileEncoding = 30; lastKnownFileType = sourcecode.c.h; name = lo_macros.h; path = lo/lo_macros.h; sourceTree = "<group>"; };
		5AEBE0560F6FC37E00AD3D65 /* lo_osc_types.h */ = {isa = PBXFileReference; fileEncoding = 30; lastKnownFileType = sourcecode.c.h; name = lo_osc_types.h; path = lo/lo_osc_types.h; sourceTree = "<group>"; };
		5AEBE0570F6FC37E00AD3D65 /* lo_throw.h */ = {isa = PBXFileReference; fileEncoding = 30; lastKnownFileType = sourcecode.c.h; name = lo_throw.h; path = lo/lo_throw.h; sourceTree = "<group>"; };
		5AEBE0580F6FC37E00AD3D65 /* lo_types_internal.h */ = {isa = PBXFileReference; fileEncoding = 30; lastKnownFileType = sourcecode.c.h; name = lo_types_internal.h; path = lo/lo_types_internal.h; sourceTree = "<group>"; };
		5AEBE0590F6FC37E00AD3D65 /* lo_types.h */ = {isa = PBXFileReference; fileEncoding = 30; lastKnownFileType = sourcecode.c.h; name = lo_types.h; path = lo/lo_types.h; sourceTree = "<group>"; };
		5AEBE05A0F6FC37E00AD3D65 /* lo.h */ = {isa = PBXFileReference; fileEncoding = 30; lastKnownFileType = sourcecode.c.h; name = lo.h; path = lo/lo.h; sourceTree = "<group>"; };
		5AEBE05B0F6FC37E00AD3D65 /* message.c */ = {isa = PBXFileReference; fileEncoding = 30; lastKnownFileType = sourcecode.c.c; name = message.c; path = lo/message.c; sourceTree = "<group>"; };
		5AEBE05C0F6FC37E00AD3D65 /* method.c */ = {isa = PBXFileReference; fileEncoding = 30; lastKnownFileType = sourcecode.c.c; name = method.c; path = lo/method.c; sourceTree = "<group>"; };
		5AEBE05D0F6FC37E00AD3D65 /* pattern_match.c */ = {isa = PBXFileReference; fileEncoding = 30; lastKnownFileType = sourcecode.c.c; name = pattern_match.c; path = lo/pattern_match.c; sourceTree = "<group>"; };
		5AEBE05E0F6FC37E00AD3D65 /* send.c */ = {isa = PBXFileReference; fileEncoding = 30; lastKnownFileType = sourcecode.c.c; name = send.c; path = lo/send.c; sourceTree = "<group>"; };
		5AEBE05F0F6FC37E00AD3D65 /* server_thread.c */ = {isa = PBXFileReference; fileEncoding = 30; lastKnownFileType = sourcecode.c.c; name = server_thread.c; path = lo/server_thread.c; sourceTree = "<group>"; };
		5AEBE0600F6FC37E00AD3D65 /* server.c */ = {isa = PBXFileReference; fileEncoding = 30; lastKnownFileType = sourcecode.c.c; name = server.c; path = lo/server.c; sourceTree = "<group>"; };
		5AEBE0610F6FC37E00AD3D65 /* timetag.c */ = {isa = PBXFileReference; fileEncoding = 30; lastKnownFileType = sourcecode.c.c; name = timetag.c; path = lo/timetag.c; sourceTree = "<group>"; };
		5AEBE0820F6FC46200AD3D65 /* OpenGL.framework */ = {isa = PBXFileReference; lastKnownFileType = wrapper.framework; name = OpenGL.framework; path = /System/Library/Frameworks/OpenGL.framework; sourceTree = "<absolute>"; };
		5AEBE0860F6FC47200AD3D65 /* GLUT.framework */ = {isa = PBXFileReference; lastKnownFileType = wrapper.framework; name = GLUT.framework; path = /System/Library/Frameworks/GLUT.framework; sourceTree = "<absolute>"; };
		8D1107310486CEB800E47090 /* Info.plist */ = {isa = PBXFileReference; fileEncoding = 4; lastKnownFileType = text.plist; path = Info.plist; sourceTree = "<group>"; };
		8D1107320486CEB800E47090 /* som.app */ = {isa = PBXFileReference; explicitFileType = wrapper.application; includeInIndex = 0; path = som.app; sourceTree = BUILT_PRODUCTS_DIR; };
/* End PBXFileReference section */

/* Begin PBXFrameworksBuildPhase section */
		8D11072E0486CEB800E47090 /* Frameworks */ = {
			isa = PBXFrameworksBuildPhase;
			buildActionMask = 2147483647;
			files = (
				8D11072F0486CEB800E47090 /* Cocoa.framework in Frameworks */,
				5AEBE0830F6FC46200AD3D65 /* OpenGL.framework in Frameworks */,
				5AEBE0870F6FC47200AD3D65 /* GLUT.framework in Frameworks */,
			);
			runOnlyForDeploymentPostprocessing = 0;
		};
/* End PBXFrameworksBuildPhase section */

/* Begin PBXGroup section */
		080E96DDFE201D6D7F000001 /* Classes */ = {
			isa = PBXGroup;
			children = (
				5A9E940F0F7E9C4600AC6D09 /* Patch.h */,
				5A9E94100F7E9C4600AC6D09 /* Patch.m */,
				5AEBE0380F6FC36700AD3D65 /* Draw.h */,
				5AEBE0390F6FC36700AD3D65 /* Draw.m */,
				5AEBE03A0F6FC36700AD3D65 /* OSC.h */,
				5AEBE03B0F6FC36700AD3D65 /* OSC.m */,
				5AEBE03C0F6FC36700AD3D65 /* util.c */,
				5AEBE03D0F6FC36700AD3D65 /* util.h */,
				5AEBE03E0F6FC36700AD3D65 /* View.h */,
				5AEBE03F0F6FC36700AD3D65 /* View.m */,
				590B217A1270850C00A318AB /* SOMNode.h */,
				590B217B1270850C00A318AB /* SOMNode.m */,
				590B220312708CA800A318AB /* SOM.h */,
				590B220412708CA800A318AB /* SOM.m */,
				59882E0E12749BCA00AE39EE /* PatchDictionary.h */,
				59882E0F12749BCA00AE39EE /* PatchDictionary.m */,
			);
			name = Classes;
			sourceTree = "<group>";
		};
		1058C7A0FEA54F0111CA2CBB /* Linked Frameworks */ = {
			isa = PBXGroup;
			children = (
				1058C7A1FEA54F0111CA2CBB /* Cocoa.framework */,
			);
			name = "Linked Frameworks";
			sourceTree = "<group>";
		};
		1058C7A2FEA54F0111CA2CBB /* Other Frameworks */ = {
			isa = PBXGroup;
			children = (
				29B97324FDCFA39411CA2CEA /* AppKit.framework */,
				13E42FB307B3F0F600E4EEF1 /* CoreData.framework */,
				29B97325FDCFA39411CA2CEA /* Foundation.framework */,
			);
			name = "Other Frameworks";
			sourceTree = "<group>";
		};
		19C28FACFE9D520D11CA2CBB /* Products */ = {
			isa = PBXGroup;
			children = (
				8D1107320486CEB800E47090 /* som.app */,
			);
			name = Products;
			sourceTree = "<group>";
		};
		29B97314FDCFA39411CA2CEA /* Fx */ = {
			isa = PBXGroup;
			children = (
				080E96DDFE201D6D7F000001 /* Classes */,
				29B97315FDCFA39411CA2CEA /* Other Sources */,
				29B97317FDCFA39411CA2CEA /* Resources */,
				29B97323FDCFA39411CA2CEA /* Frameworks */,
				19C28FACFE9D520D11CA2CBB /* Products */,
			);
			name = Fx;
			sourceTree = "<group>";
		};
		29B97315FDCFA39411CA2CEA /* Other Sources */ = {
			isa = PBXGroup;
			children = (
				5AEBE04E0F6FC37E00AD3D65 /* address.c */,
				5AEBE04F0F6FC37E00AD3D65 /* blob.c */,
				5AEBE0500F6FC37E00AD3D65 /* bundle.c */,
				5AEBE0510F6FC37E00AD3D65 /* lo_endian.h */,
				5AEBE0520F6FC37E00AD3D65 /* lo_errors.h */,
				5AEBE0530F6FC37E00AD3D65 /* lo_internal.h */,
				5AEBE0540F6FC37E00AD3D65 /* lo_lowlevel.h */,
				5AEBE0550F6FC37E00AD3D65 /* lo_macros.h */,
				5AEBE0560F6FC37E00AD3D65 /* lo_osc_types.h */,
				5AEBE0570F6FC37E00AD3D65 /* lo_throw.h */,
				5AEBE0580F6FC37E00AD3D65 /* lo_types_internal.h */,
				5AEBE0590F6FC37E00AD3D65 /* lo_types.h */,
				5AEBE05A0F6FC37E00AD3D65 /* lo.h */,
				5AEBE05B0F6FC37E00AD3D65 /* message.c */,
				5AEBE05C0F6FC37E00AD3D65 /* method.c */,
				5AEBE05D0F6FC37E00AD3D65 /* pattern_match.c */,
				5AEBE05E0F6FC37E00AD3D65 /* send.c */,
				5AEBE05F0F6FC37E00AD3D65 /* server_thread.c */,
				5AEBE0600F6FC37E00AD3D65 /* server.c */,
				5AEBE0610F6FC37E00AD3D65 /* timetag.c */,
				32CA4F630368D1EE00C91783 /* Fx_Prefix.pch */,
				29B97316FDCFA39411CA2CEA /* main.m */,
			);
			name = "Other Sources";
			sourceTree = "<group>";
		};
		29B97317FDCFA39411CA2CEA /* Resources */ = {
			isa = PBXGroup;
			children = (
				8D1107310486CEB800E47090 /* Info.plist */,
				089C165CFE840E0CC02AAC07 /* InfoPlist.strings */,
				29B97318FDCFA39411CA2CEA /* MainMenu.nib */,
			);
			name = Resources;
			sourceTree = "<group>";
		};
		29B97323FDCFA39411CA2CEA /* Frameworks */ = {
			isa = PBXGroup;
			children = (
				5AEBE0860F6FC47200AD3D65 /* GLUT.framework */,
				5AEBE0820F6FC46200AD3D65 /* OpenGL.framework */,
				1058C7A0FEA54F0111CA2CBB /* Linked Frameworks */,
				1058C7A2FEA54F0111CA2CBB /* Other Frameworks */,
			);
			name = Frameworks;
			sourceTree = "<group>";
		};
/* End PBXGroup section */

/* Begin PBXNativeTarget section */
		8D1107260486CEB800E47090 /* Som */ = {
			isa = PBXNativeTarget;
			buildConfigurationList = C01FCF4A08A954540054247B /* Build configuration list for PBXNativeTarget "Som" */;
			buildPhases = (
				8D1107290486CEB800E47090 /* Resources */,
				8D11072C0486CEB800E47090 /* Sources */,
				8D11072E0486CEB800E47090 /* Frameworks */,
			);
			buildRules = (
			);
			dependencies = (
			);
			name = Som;
			productInstallPath = "$(HOME)/Applications";
			productName = Fx;
			productReference = 8D1107320486CEB800E47090 /* som.app */;
			productType = "com.apple.product-type.application";
		};
/* End PBXNativeTarget section */

/* Begin PBXProject section */
		29B97313FDCFA39411CA2CEA /* Project object */ = {
			isa = PBXProject;
			buildConfigurationList = C01FCF4E08A954540054247B /* Build configuration list for PBXProject "som" */;
			compatibilityVersion = "Xcode 3.0";
			hasScannedForEncodings = 1;
			mainGroup = 29B97314FDCFA39411CA2CEA /* Fx */;
			projectDirPath = "";
			projectRoot = "";
			targets = (
				8D1107260486CEB800E47090 /* Som */,
			);
		};
/* End PBXProject section */

/* Begin PBXResourcesBuildPhase section */
		8D1107290486CEB800E47090 /* Resources */ = {
			isa = PBXResourcesBuildPhase;
			buildActionMask = 2147483647;
			files = (
				8D11072A0486CEB800E47090 /* MainMenu.nib in Resources */,
				8D11072B0486CEB800E47090 /* InfoPlist.strings in Resources */,
			);
			runOnlyForDeploymentPostprocessing = 0;
		};
/* End PBXResourcesBuildPhase section */

/* Begin PBXSourcesBuildPhase section */
		8D11072C0486CEB800E47090 /* Sources */ = {
			isa = PBXSourcesBuildPhase;
			buildActionMask = 2147483647;
			files = (
				8D11072D0486CEB800E47090 /* main.m in Sources */,
				5AEBE0470F6FC36700AD3D65 /* Draw.m in Sources */,
				5AEBE0480F6FC36700AD3D65 /* OSC.m in Sources */,
				5AEBE0490F6FC36700AD3D65 /* util.c in Sources */,
				5AEBE04A0F6FC36700AD3D65 /* View.m in Sources */,
				5AEBE0620F6FC37E00AD3D65 /* address.c in Sources */,
				5AEBE0630F6FC37E00AD3D65 /* blob.c in Sources */,
				5AEBE0640F6FC37E00AD3D65 /* bundle.c in Sources */,
				5AEBE0650F6FC37E00AD3D65 /* message.c in Sources */,
				5AEBE0660F6FC37E00AD3D65 /* method.c in Sources */,
				5AEBE0670F6FC37E00AD3D65 /* pattern_match.c in Sources */,
				5AEBE0680F6FC37E00AD3D65 /* send.c in Sources */,
				5AEBE0690F6FC37E00AD3D65 /* server_thread.c in Sources */,
				5AEBE06A0F6FC37E00AD3D65 /* server.c in Sources */,
				5AEBE06B0F6FC37E00AD3D65 /* timetag.c in Sources */,
				5A9E94110F7E9C4600AC6D09 /* Patch.m in Sources */,
				590B217C1270850C00A318AB /* SOMNode.m in Sources */,
				590B220512708CA800A318AB /* SOM.m in Sources */,
				59882E1012749BCA00AE39EE /* PatchDictionary.m in Sources */,
			);
			runOnlyForDeploymentPostprocessing = 0;
		};
/* End PBXSourcesBuildPhase section */

/* Begin PBXVariantGroup section */
		089C165CFE840E0CC02AAC07 /* InfoPlist.strings */ = {
			isa = PBXVariantGroup;
			children = (
				089C165DFE840E0CC02AAC07 /* English */,
			);
			name = InfoPlist.strings;
			sourceTree = "<group>";
		};
		29B97318FDCFA39411CA2CEA /* MainMenu.nib */ = {
			isa = PBXVariantGroup;
			children = (
				29B97319FDCFA39411CA2CEA /* English */,
			);
			name = MainMenu.nib;
			sourceTree = "<group>";
		};
/* End PBXVariantGroup section */

/* Begin XCBuildConfiguration section */
		C01FCF4B08A954540054247B /* Debug */ = {
			isa = XCBuildConfiguration;
			buildSettings = {
				COPY_PHASE_STRIP = NO;
				GCC_DYNAMIC_NO_PIC = NO;
				GCC_ENABLE_FIX_AND_CONTINUE = YES;
				GCC_MODEL_TUNING = G5;
				GCC_OPTIMIZATION_LEVEL = 0;
				INFOPLIST_FILE = Info.plist;
				INSTALL_PATH = "$(HOME)/Applications";
				PRODUCT_NAME = som;
				WRAPPER_EXTENSION = app;
				ZERO_LINK = YES;
			};
			name = Debug;
		};
		C01FCF4C08A954540054247B /* Release */ = {
			isa = XCBuildConfiguration;
			buildSettings = {
				ARCHS = (
					ppc,
					i386,
				);
				GCC_GENERATE_DEBUGGING_SYMBOLS = NO;
				GCC_MODEL_TUNING = G5;
				INFOPLIST_FILE = Info.plist;
				INSTALL_PATH = "$(HOME)/Applications";
				PRODUCT_NAME = fx;
				WRAPPER_EXTENSION = app;
			};
			name = Release;
		};
		C01FCF4F08A954540054247B /* Debug */ = {
			isa = XCBuildConfiguration;
			buildSettings = {
				GCC_WARN_ABOUT_RETURN_TYPE = YES;
				GCC_WARN_UNUSED_VARIABLE = YES;
				PREBINDING = NO;
				PRODUCT_NAME = som;
				SDKROOT = "$(DEVELOPER_SDK_DIR)/MacOSX10.5.sdk";
			};
			name = Debug;
		};
		C01FCF5008A954540054247B /* Release */ = {
			isa = XCBuildConfiguration;
			buildSettings = {
				GCC_WARN_ABOUT_RETURN_TYPE = YES;
				GCC_WARN_UNUSED_VARIABLE = YES;
				PREBINDING = NO;
				SDKROOT = "$(DEVELOPER_SDK_DIR)/MacOSX10.5.sdk";
			};
			name = Release;
		};
/* End XCBuildConfiguration section */

/* Begin XCConfigurationList section */
		C01FCF4A08A954540054247B /* Build configuration list for PBXNativeTarget "Som" */ = {
			isa = XCConfigurationList;
			buildConfigurations = (
				C01FCF4B08A954540054247B /* Debug */,
				C01FCF4C08A954540054247B /* Release */,
			);
			defaultConfigurationIsVisible = 0;
			defaultConfigurationName = Release;
		};
		C01FCF4E08A954540054247B /* Build configuration list for PBXProject "som" */ = {
			isa = XCConfigurationList;
			buildConfigurations = (
				C01FCF4F08A954540054247B /* Debug */,
				C01FCF5008A954540054247B /* Release */,
			);
			defaultConfigurationIsVisible = 0;
			defaultConfigurationName = Release;
		};
/* End XCConfigurationList section */
	};
	rootObject = 29B97313FDCFA39411CA2CEA /* Project object */;
}
